{
    "_readme": [
        "This file locks the dependencies of your project to a known state",
        "Read more about it at https://getcomposer.org/doc/01-basic-usage.md#installing-dependencies",
        "This file is @generated automatically"
    ],
    "content-hash": "4331676fef9692e0b66a0bc9709c4313",
    "packages": [
        {
            "name": "setasign/tfpdf",
            "version": "v1.32",
            "source": {
                "type": "git",
                "url": "https://github.com/Setasign/tFPDF.git",
                "reference": "a879b83485c263605cbf98ab2e8fdd4d37ca2707"
            },
            "dist": {
                "type": "zip",
                "url": "https://api.github.com/repos/Setasign/tFPDF/zipball/a879b83485c263605cbf98ab2e8fdd4d37ca2707",
                "reference": "a879b83485c263605cbf98ab2e8fdd4d37ca2707",
                "shasum": ""
            },
            "type": "library",
            "autoload": {
                "classmap": [
                    "tfpdf.php",
                    "font/unifont/ttfonts.php"
                ]
            },
            "notification-url": "https://packagist.org/downloads/",
            "license": [
                "LGPL-2.1"
            ],
            "authors": [
                {
                    "name": "Ian Back"
                },
                {
                    "name": "Tycho Veltmeijer",
                    "email": "tfpdf@tychoveltmeijer.nl",
                    "role": "Maintainer"
                },
                {
                    "name": "Olivier Plathey",
                    "email": "oliver@fpdf.org",
                    "homepage": "http://fpdf.org/"
                }
            ],
            "description": "This class is a modified version of FPDF that adds UTF-8 support. As of version 1.31 it is based on FPDF 1.82. Before it was based on FPDF 1.7.",
            "homepage": "http://fpdf.org/en/script/script92.php",
            "keywords": [
                "fpdf",
                "pdf",
                "tfpdf",
                "unicode"
            ],
            "support": {
                "issues": "https://github.com/Setasign/tFPDF/issues",
                "source": "https://github.com/Setasign/tFPDF/tree/master"
            },
            "time": "2020-08-31T07:28:46+00:00"
        }
    ],
    "packages-dev": [],
    "aliases": [],
    "minimum-stability": "stable",
    "stability-flags": [],
    "prefer-stable": false,
    "prefer-lowest": false,
    "platform": [],
    "platform-dev": [],
    "plugin-api-version": "2.0.0"
}
